// !$*UTF8*$!
{
	archiveVersion = 1;
	classes = {
	};
	objectVersion = 55;
	objects = {

/* Begin PBXBuildFile section */
		184947D82707EF3A000C1E87 /* AppDelegate.swift in Sources */ = {isa = PBXBuildFile; fileRef = 184947D72707EF3A000C1E87 /* AppDelegate.swift */; };
		184947DA2707EF3A000C1E87 /* SceneDelegate.swift in Sources */ = {isa = PBXBuildFile; fileRef = 184947D92707EF3A000C1E87 /* SceneDelegate.swift */; };
		184947DC2707EF3A000C1E87 /* TasksViewController.swift in Sources */ = {isa = PBXBuildFile; fileRef = 184947DB2707EF3A000C1E87 /* TasksViewController.swift */; };
		184947DF2707EF3A000C1E87 /* Main.storyboard in Resources */ = {isa = PBXBuildFile; fileRef = 184947DD2707EF3A000C1E87 /* Main.storyboard */; };
		184947E12707EF3B000C1E87 /* Assets.xcassets in Resources */ = {isa = PBXBuildFile; fileRef = 184947E02707EF3B000C1E87 /* Assets.xcassets */; };
		184947E42707EF3B000C1E87 /* LaunchScreen.storyboard in Resources */ = {isa = PBXBuildFile; fileRef = 184947E22707EF3B000C1E87 /* LaunchScreen.storyboard */; };
		18CB53BE27081213009C5AFF /* Podfile in Resources */ = {isa = PBXBuildFile; fileRef = 18CB53BD27081213009C5AFF /* Podfile */; };
		18CB53C127081C14009C5AFF /* MenuSection.swift in Sources */ = {isa = PBXBuildFile; fileRef = 18CB53C027081C14009C5AFF /* MenuSection.swift */; };
		18FC5C65270827190075FE3B /* OnGoingTasksTableViewController.swift in Sources */ = {isa = PBXBuildFile; fileRef = 18FC5C64270827190075FE3B /* OnGoingTasksTableViewController.swift */; };
		18FC5C67270827270075FE3B /* DoneTasksTableViewController.swift in Sources */ = {isa = PBXBuildFile; fileRef = 18FC5C66270827270075FE3B /* DoneTasksTableViewController.swift */; };
		18FC5C692708601F0075FE3B /* NewTaskViewController.swift in Sources */ = {isa = PBXBuildFile; fileRef = 18FC5C682708601F0075FE3B /* NewTaskViewController.swift */; };
		A33624466101D96522C42EE4 /* Pods_ios_task_app.framework in Frameworks */ = {isa = PBXBuildFile; fileRef = 5050FEC0F17CABEB71423E8D /* Pods_ios_task_app.framework */; };
/* End PBXBuildFile section */

/* Begin PBXFileReference section */
		0EB9E6A50A72CEB676FCFCD9 /* Pods-ios-task-app.debug.xcconfig */ = {isa = PBXFileReference; includeInIndex = 1; lastKnownFileType = text.xcconfig; name = "Pods-ios-task-app.debug.xcconfig"; path = "Target Support Files/Pods-ios-task-app/Pods-ios-task-app.debug.xcconfig"; sourceTree = "<group>"; };
		184947D42707EF3A000C1E87 /* ios-task-app.app */ = {isa = PBXFileReference; explicitFileType = wrapper.application; includeInIndex = 0; path = "ios-task-app.app"; sourceTree = BUILT_PRODUCTS_DIR; };
		184947D72707EF3A000C1E87 /* AppDelegate.swift */ = {isa = PBXFileReference; lastKnownFileType = sourcecode.swift; path = AppDelegate.swift; sourceTree = "<group>"; };
		184947D92707EF3A000C1E87 /* SceneDelegate.swift */ = {isa = PBXFileReference; lastKnownFileType = sourcecode.swift; path = SceneDelegate.swift; sourceTree = "<group>"; };
		184947DB2707EF3A000C1E87 /* TasksViewController.swift */ = {isa = PBXFileReference; lastKnownFileType = sourcecode.swift; path = TasksViewController.swift; sourceTree = "<group>"; };
		184947DE2707EF3A000C1E87 /* Base */ = {isa = PBXFileReference; lastKnownFileType = file.storyboard; name = Base; path = Base.lproj/Main.storyboard; sourceTree = "<group>"; };
		184947E02707EF3B000C1E87 /* Assets.xcassets */ = {isa = PBXFileReference; lastKnownFileType = folder.assetcatalog; path = Assets.xcassets; sourceTree = "<group>"; };
		184947E32707EF3B000C1E87 /* Base */ = {isa = PBXFileReference; lastKnownFileType = file.storyboard; name = Base; path = Base.lproj/LaunchScreen.storyboard; sourceTree = "<group>"; };
		184947E52707EF3B000C1E87 /* Info.plist */ = {isa = PBXFileReference; lastKnownFileType = text.plist.xml; path = Info.plist; sourceTree = "<group>"; };
		18CB53BD27081213009C5AFF /* Podfile */ = {isa = PBXFileReference; fileEncoding = 4; lastKnownFileType = text; path = Podfile; sourceTree = "<group>"; xcLanguageSpecificationIdentifier = xcode.lang.ruby; };
		18CB53C027081C14009C5AFF /* MenuSection.swift */ = {isa = PBXFileReference; lastKnownFileType = sourcecode.swift; path = MenuSection.swift; sourceTree = "<group>"; };
		18FC5C64270827190075FE3B /* OnGoingTasksTableViewController.swift */ = {isa = PBXFileReference; lastKnownFileType = sourcecode.swift; path = OnGoingTasksTableViewController.swift; sourceTree = "<group>"; };
		18FC5C66270827270075FE3B /* DoneTasksTableViewController.swift */ = {isa = PBXFileReference; lastKnownFileType = sourcecode.swift; path = DoneTasksTableViewController.swift; sourceTree = "<group>"; };
		18FC5C682708601F0075FE3B /* NewTaskViewController.swift */ = {isa = PBXFileReference; lastKnownFileType = sourcecode.swift; path = NewTaskViewController.swift; sourceTree = "<group>"; };
		5050FEC0F17CABEB71423E8D /* Pods_ios_task_app.framework */ = {isa = PBXFileReference; explicitFileType = wrapper.framework; includeInIndex = 0; path = Pods_ios_task_app.framework; sourceTree = BUILT_PRODUCTS_DIR; };
		983CAEF50C8D684D86537439 /* Pods-ios-task-app.release.xcconfig */ = {isa = PBXFileReference; includeInIndex = 1; lastKnownFileType = text.xcconfig; name = "Pods-ios-task-app.release.xcconfig"; path = "Target Support Files/Pods-ios-task-app/Pods-ios-task-app.release.xcconfig"; sourceTree = "<group>"; };
/* End PBXFileReference section */

/* Begin PBXFrameworksBuildPhase section */
		184947D12707EF3A000C1E87 /* Frameworks */ = {
			isa = PBXFrameworksBuildPhase;
			buildActionMask = 2147483647;
			files = (
				A33624466101D96522C42EE4 /* Pods_ios_task_app.framework in Frameworks */,
			);
			runOnlyForDeploymentPostprocessing = 0;
		};
/* End PBXFrameworksBuildPhase section */

/* Begin PBXGroup section */
		184947CB2707EF3A000C1E87 = {
			isa = PBXGroup;
			children = (
				18CB53BD27081213009C5AFF /* Podfile */,
				184947D62707EF3A000C1E87 /* ios-task-app */,
				184947D52707EF3A000C1E87 /* Products */,
				326EF4CDFB87EEDF135A7583 /* Pods */,
				673D2F4130BE62466FE26FE4 /* Frameworks */,
			);
			sourceTree = "<group>";
		};
		184947D52707EF3A000C1E87 /* Products */ = {
			isa = PBXGroup;
			children = (
				184947D42707EF3A000C1E87 /* ios-task-app.app */,
			);
			name = Products;
			sourceTree = "<group>";
		};
		184947D62707EF3A000C1E87 /* ios-task-app */ = {
			isa = PBXGroup;
			children = (
				18FC5C63270826680075FE3B /* controller */,
				18CB53BF27081BF6009C5AFF /* model */,
				184947D72707EF3A000C1E87 /* AppDelegate.swift */,
				184947D92707EF3A000C1E87 /* SceneDelegate.swift */,
				184947DB2707EF3A000C1E87 /* TasksViewController.swift */,
				184947DD2707EF3A000C1E87 /* Main.storyboard */,
				184947E02707EF3B000C1E87 /* Assets.xcassets */,
				184947E22707EF3B000C1E87 /* LaunchScreen.storyboard */,
				184947E52707EF3B000C1E87 /* Info.plist */,
			);
			path = "ios-task-app";
			sourceTree = "<group>";
		};
		18CB53BF27081BF6009C5AFF /* model */ = {
			isa = PBXGroup;
			children = (
				18CB53C027081C14009C5AFF /* MenuSection.swift */,
			);
			path = model;
			sourceTree = "<group>";
		};
		18FC5C63270826680075FE3B /* controller */ = {
			isa = PBXGroup;
			children = (
				18FC5C64270827190075FE3B /* OnGoingTasksTableViewController.swift */,
				18FC5C66270827270075FE3B /* DoneTasksTableViewController.swift */,
				18FC5C682708601F0075FE3B /* NewTaskViewController.swift */,
			);
			path = controller;
			sourceTree = "<group>";
		};
		326EF4CDFB87EEDF135A7583 /* Pods */ = {
			isa = PBXGroup;
			children = (
				0EB9E6A50A72CEB676FCFCD9 /* Pods-ios-task-app.debug.xcconfig */,
				983CAEF50C8D684D86537439 /* Pods-ios-task-app.release.xcconfig */,
			);
			path = Pods;
			sourceTree = "<group>";
		};
		673D2F4130BE62466FE26FE4 /* Frameworks */ = {
			isa = PBXGroup;
			children = (
				5050FEC0F17CABEB71423E8D /* Pods_ios_task_app.framework */,
			);
			name = Frameworks;
			sourceTree = "<group>";
		};
/* End PBXGroup section */

/* Begin PBXNativeTarget section */
		184947D32707EF3A000C1E87 /* ios-task-app */ = {
			isa = PBXNativeTarget;
			buildConfigurationList = 184947E82707EF3B000C1E87 /* Build configuration list for PBXNativeTarget "ios-task-app" */;
			buildPhases = (
				CADAEE12A9DD274B4C6B7F3D /* [CP] Check Pods Manifest.lock */,
				184947D02707EF3A000C1E87 /* Sources */,
				184947D12707EF3A000C1E87 /* Frameworks */,
				184947D22707EF3A000C1E87 /* Resources */,
				768033CFF6FBD6DA999FE870 /* [CP] Embed Pods Frameworks */,
			);
			buildRules = (
			);
			dependencies = (
			);
			name = "ios-task-app";
			productName = "ios-task-app";
			productReference = 184947D42707EF3A000C1E87 /* ios-task-app.app */;
			productType = "com.apple.product-type.application";
		};
/* End PBXNativeTarget section */

/* Begin PBXProject section */
		184947CC2707EF3A000C1E87 /* Project object */ = {
			isa = PBXProject;
			attributes = {
				BuildIndependentTargetsInParallel = 1;
				LastSwiftUpdateCheck = 1300;
				LastUpgradeCheck = 1300;
				TargetAttributes = {
					184947D32707EF3A000C1E87 = {
						CreatedOnToolsVersion = 13.0;
					};
				};
			};
			buildConfigurationList = 184947CF2707EF3A000C1E87 /* Build configuration list for PBXProject "ios-task-app" */;
			compatibilityVersion = "Xcode 13.0";
			developmentRegion = en;
			hasScannedForEncodings = 0;
			knownRegions = (
				en,
				Base,
			);
			mainGroup = 184947CB2707EF3A000C1E87;
			productRefGroup = 184947D52707EF3A000C1E87 /* Products */;
			projectDirPath = "";
			projectRoot = "";
			targets = (
				184947D32707EF3A000C1E87 /* ios-task-app */,
			);
		};
/* End PBXProject section */

/* Begin PBXResourcesBuildPhase section */
		184947D22707EF3A000C1E87 /* Resources */ = {
			isa = PBXResourcesBuildPhase;
			buildActionMask = 2147483647;
			files = (
				184947E42707EF3B000C1E87 /* LaunchScreen.storyboard in Resources */,
				184947E12707EF3B000C1E87 /* Assets.xcassets in Resources */,
				18CB53BE27081213009C5AFF /* Podfile in Resources */,
				184947DF2707EF3A000C1E87 /* Main.storyboard in Resources */,
			);
			runOnlyForDeploymentPostprocessing = 0;
		};
/* End PBXResourcesBuildPhase section */

/* Begin PBXShellScriptBuildPhase section */
		768033CFF6FBD6DA999FE870 /* [CP] Embed Pods Frameworks */ = {
			isa = PBXShellScriptBuildPhase;
			buildActionMask = 2147483647;
			files = (
			);
			inputFileListPaths = (
				"${PODS_ROOT}/Target Support Files/Pods-ios-task-app/Pods-ios-task-app-frameworks-${CONFIGURATION}-input-files.xcfilelist",
			);
			name = "[CP] Embed Pods Frameworks";
			outputFileListPaths = (
				"${PODS_ROOT}/Target Support Files/Pods-ios-task-app/Pods-ios-task-app-frameworks-${CONFIGURATION}-output-files.xcfilelist",
			);
			runOnlyForDeploymentPostprocessing = 0;
			shellPath = /bin/sh;
			shellScript = "\"${PODS_ROOT}/Target Support Files/Pods-ios-task-app/Pods-ios-task-app-frameworks.sh\"\n";
			showEnvVarsInLog = 0;
		};
		CADAEE12A9DD274B4C6B7F3D /* [CP] Check Pods Manifest.lock */ = {
			isa = PBXShellScriptBuildPhase;
			buildActionMask = 2147483647;
			files = (
			);
			inputFileListPaths = (
			);
			inputPaths = (
				"${PODS_PODFILE_DIR_PATH}/Podfile.lock",
				"${PODS_ROOT}/Manifest.lock",
			);
			name = "[CP] Check Pods Manifest.lock";
			outputFileListPaths = (
			);
			outputPaths = (
				"$(DERIVED_FILE_DIR)/Pods-ios-task-app-checkManifestLockResult.txt",
			);
			runOnlyForDeploymentPostprocessing = 0;
			shellPath = /bin/sh;
			shellScript = "diff \"${PODS_PODFILE_DIR_PATH}/Podfile.lock\" \"${PODS_ROOT}/Manifest.lock\" > /dev/null\nif [ $? != 0 ] ; then\n    # print error to STDERR\n    echo \"error: The sandbox is not in sync with the Podfile.lock. Run 'pod install' or update your CocoaPods installation.\" >&2\n    exit 1\nfi\n# This output is used by Xcode 'outputs' to avoid re-running this script phase.\necho \"SUCCESS\" > \"${SCRIPT_OUTPUT_FILE_0}\"\n";
			showEnvVarsInLog = 0;
		};
/* End PBXShellScriptBuildPhase section */

/* Begin PBXSourcesBuildPhase section */
		184947D02707EF3A000C1E87 /* Sources */ = {
			isa = PBXSourcesBuildPhase;
			buildActionMask = 2147483647;
			files = (
				184947DC2707EF3A000C1E87 /* TasksViewController.swift in Sources */,
				18FC5C65270827190075FE3B /* OnGoingTasksTableViewController.swift in Sources */,
				18FC5C67270827270075FE3B /* DoneTasksTableViewController.swift in Sources */,
				184947D82707EF3A000C1E87 /* AppDelegate.swift in Sources */,
				18CB53C127081C14009C5AFF /* MenuSection.swift in Sources */,
				184947DA2707EF3A000C1E87 /* SceneDelegate.swift in Sources */,
				18FC5C692708601F0075FE3B /* NewTaskViewController.swift in Sources */,
			);
			runOnlyForDeploymentPostprocessing = 0;
		};
/* End PBXSourcesBuildPhase section */

/* Begin PBXVariantGroup section */
		184947DD2707EF3A000C1E87 /* Main.storyboard */ = {
			isa = PBXVariantGroup;
			children = (
				184947DE2707EF3A000C1E87 /* Base */,
			);
			name = Main.storyboard;
			sourceTree = "<group>";
		};
		184947E22707EF3B000C1E87 /* LaunchScreen.storyboard */ = {
			isa = PBXVariantGroup;
			children = (
				184947E32707EF3B000C1E87 /* Base */,
			);
			name = LaunchScreen.storyboard;
			sourceTree = "<group>";
		};
/* End PBXVariantGroup section */

/* Begin XCBuildConfiguration section */
		184947E62707EF3B000C1E87 /* Debug */ = {
			isa = XCBuildConfiguration;
			buildSettings = {
				ALWAYS_SEARCH_USER_PATHS = NO;
				CLANG_ANALYZER_NONNULL = YES;
				CLANG_ANALYZER_NUMBER_OBJECT_CONVERSION = YES_AGGRESSIVE;
				CLANG_CXX_LANGUAGE_STANDARD = "gnu++17";
				CLANG_CXX_LIBRARY = "libc++";
				CLANG_ENABLE_MODULES = YES;
				CLANG_ENABLE_OBJC_ARC = YES;
				CLANG_ENABLE_OBJC_WEAK = YES;
				CLANG_WARN_BLOCK_CAPTURE_AUTORELEASING = YES;
				CLANG_WARN_BOOL_CONVERSION = YES;
				CLANG_WARN_COMMA = YES;
				CLANG_WARN_CONSTANT_CONVERSION = YES;
				CLANG_WARN_DEPRECATED_OBJC_IMPLEMENTATIONS = YES;
				CLANG_WARN_DIRECT_OBJC_ISA_USAGE = YES_ERROR;
				CLANG_WARN_DOCUMENTATION_COMMENTS = YES;
				CLANG_WARN_EMPTY_BODY = YES;
				CLANG_WARN_ENUM_CONVERSION = YES;
				CLANG_WARN_INFINITE_RECURSION = YES;
				CLANG_WARN_INT_CONVERSION = YES;
				CLANG_WARN_NON_LITERAL_NULL_CONVERSION = YES;
				CLANG_WARN_OBJC_IMPLICIT_RETAIN_SELF = YES;
				CLANG_WARN_OBJC_LITERAL_CONVERSION = YES;
				CLANG_WARN_OBJC_ROOT_CLASS = YES_ERROR;
				CLANG_WARN_QUOTED_INCLUDE_IN_FRAMEWORK_HEADER = YES;
				CLANG_WARN_RANGE_LOOP_ANALYSIS = YES;
				CLANG_WARN_STRICT_PROTOTYPES = YES;
				CLANG_WARN_SUSPICIOUS_MOVE = YES;
				CLANG_WARN_UNGUARDED_AVAILABILITY = YES_AGGRESSIVE;
				CLANG_WARN_UNREACHABLE_CODE = YES;
				CLANG_WARN__DUPLICATE_METHOD_MATCH = YES;
				COPY_PHASE_STRIP = NO;
				DEBUG_INFORMATION_FORMAT = dwarf;
				ENABLE_STRICT_OBJC_MSGSEND = YES;
				ENABLE_TESTABILITY = YES;
				GCC_C_LANGUAGE_STANDARD = gnu11;
				GCC_DYNAMIC_NO_PIC = NO;
				GCC_NO_COMMON_BLOCKS = YES;
				GCC_OPTIMIZATION_LEVEL = 0;
				GCC_PREPROCESSOR_DEFINITIONS = (
					"DEBUG=1",
					"$(inherited)",
				);
				GCC_WARN_64_TO_32_BIT_CONVERSION = YES;
				GCC_WARN_ABOUT_RETURN_TYPE = YES_ERROR;
				GCC_WARN_UNDECLARED_SELECTOR = YES;
				GCC_WARN_UNINITIALIZED_AUTOS = YES_AGGRESSIVE;
				GCC_WARN_UNUSED_FUNCTION = YES;
				GCC_WARN_UNUSED_VARIABLE = YES;
				IPHONEOS_DEPLOYMENT_TARGET = 15.0;
				MTL_ENABLE_DEBUG_INFO = INCLUDE_SOURCE;
				MTL_FAST_MATH = YES;
				ONLY_ACTIVE_ARCH = YES;
				SDKROOT = iphoneos;
				SWIFT_ACTIVE_COMPILATION_CONDITIONS = DEBUG;
				SWIFT_OPTIMIZATION_LEVEL = "-Onone";
			};
			name = Debug;
		};
		184947E72707EF3B000C1E87 /* Release */ = {
			isa = XCBuildConfiguration;
			buildSettings = {
				ALWAYS_SEARCH_USER_PATHS = NO;
				CLANG_ANALYZER_NONNULL = YES;
				CLANG_ANALYZER_NUMBER_OBJECT_CONVERSION = YES_AGGRESSIVE;
				CLANG_CXX_LANGUAGE_STANDARD = "gnu++17";
				CLANG_CXX_LIBRARY = "libc++";
				CLANG_ENABLE_MODULES = YES;
				CLANG_ENABLE_OBJC_ARC = YES;
				CLANG_ENABLE_OBJC_WEAK = YES;
				CLANG_WARN_BLOCK_CAPTURE_AUTORELEASING = YES;
				CLANG_WARN_BOOL_CONVERSION = YES;
				CLANG_WARN_COMMA = YES;
				CLANG_WARN_CONSTANT_CONVERSION = YES;
				CLANG_WARN_DEPRECATED_OBJC_IMPLEMENTATIONS = YES;
				CLANG_WARN_DIRECT_OBJC_ISA_USAGE = YES_ERROR;
				CLANG_WARN_DOCUMENTATION_COMMENTS = YES;
				CLANG_WARN_EMPTY_BODY = YES;
				CLANG_WARN_ENUM_CONVERSION = YES;
				CLANG_WARN_INFINITE_RECURSION = YES;
				CLANG_WARN_INT_CONVERSION = YES;
				CLANG_WARN_NON_LITERAL_NULL_CONVERSION = YES;
				CLANG_WARN_OBJC_IMPLICIT_RETAIN_SELF = YES;
				CLANG_WARN_OBJC_LITERAL_CONVERSION = YES;
				CLANG_WARN_OBJC_ROOT_CLASS = YES_ERROR;
				CLANG_WARN_QUOTED_INCLUDE_IN_FRAMEWORK_HEADER = YES;
				CLANG_WARN_RANGE_LOOP_ANALYSIS = YES;
				CLANG_WARN_STRICT_PROTOTYPES = YES;
				CLANG_WARN_SUSPICIOUS_MOVE = YES;
				CLANG_WARN_UNGUARDED_AVAILABILITY = YES_AGGRESSIVE;
				CLANG_WARN_UNREACHABLE_CODE = YES;
				CLANG_WARN__DUPLICATE_METHOD_MATCH = YES;
				COPY_PHASE_STRIP = NO;
				DEBUG_INFORMATION_FORMAT = "dwarf-with-dsym";
				ENABLE_NS_ASSERTIONS = NO;
				ENABLE_STRICT_OBJC_MSGSEND = YES;
				GCC_C_LANGUAGE_STANDARD = gnu11;
				GCC_NO_COMMON_BLOCKS = YES;
				GCC_WARN_64_TO_32_BIT_CONVERSION = YES;
				GCC_WARN_ABOUT_RETURN_TYPE = YES_ERROR;
				GCC_WARN_UNDECLARED_SELECTOR = YES;
				GCC_WARN_UNINITIALIZED_AUTOS = YES_AGGRESSIVE;
				GCC_WARN_UNUSED_FUNCTION = YES;
				GCC_WARN_UNUSED_VARIABLE = YES;
				IPHONEOS_DEPLOYMENT_TARGET = 15.0;
				MTL_ENABLE_DEBUG_INFO = NO;
				MTL_FAST_MATH = YES;
				SDKROOT = iphoneos;
				SWIFT_COMPILATION_MODE = wholemodule;
				SWIFT_OPTIMIZATION_LEVEL = "-O";
				VALIDATE_PRODUCT = YES;
			};
			name = Release;
		};
		184947E92707EF3B000C1E87 /* Debug */ = {
			isa = XCBuildConfiguration;
			baseConfigurationReference = 0EB9E6A50A72CEB676FCFCD9 /* Pods-ios-task-app.debug.xcconfig */;
			buildSettings = {
				ASSETCATALOG_COMPILER_APPICON_NAME = AppIcon;
				ASSETCATALOG_COMPILER_GLOBAL_ACCENT_COLOR_NAME = AccentColor;
				CODE_SIGN_STYLE = Automatic;
				CURRENT_PROJECT_VERSION = 1;
				GENERATE_INFOPLIST_FILE = YES;
				INFOPLIST_FILE = "ios-task-app/Info.plist";
				INFOPLIST_KEY_UIApplicationSupportsIndirectInputEvents = YES;
				INFOPLIST_KEY_UILaunchStoryboardName = LaunchScreen;
				INFOPLIST_KEY_UIMainStoryboardFile = Main;
				INFOPLIST_KEY_UISupportedInterfaceOrientations_iPad = "UIInterfaceOrientationPortrait UIInterfaceOrientationPortraitUpsideDown UIInterfaceOrientationLandscapeLeft UIInterfaceOrientationLandscapeRight";
				INFOPLIST_KEY_UISupportedInterfaceOrientations_iPhone = "UIInterfaceOrientationPortrait UIInterfaceOrientationLandscapeLeft UIInterfaceOrientationLandscapeRight";
				IPHONEOS_DEPLOYMENT_TARGET = 14.7;
				LD_RUNPATH_SEARCH_PATHS = (
					"$(inherited)",
					"@executable_path/Frameworks",
				);
				MARKETING_VERSION = 1.0;
				PRODUCT_BUNDLE_IDENTIFIER = "sondh0127.ios-task-app";
				PRODUCT_NAME = "$(TARGET_NAME)";
				SWIFT_EMIT_LOC_STRINGS = YES;
				SWIFT_VERSION = 5.0;
				TARGETED_DEVICE_FAMILY = "1,2";
			};
			name = Debug;
		};
		184947EA2707EF3B000C1E87 /* Release */ = {
			isa = XCBuildConfiguration;
			baseConfigurationReference = 983CAEF50C8D684D86537439 /* Pods-ios-task-app.release.xcconfig */;
			buildSettings = {
				ASSETCATALOG_COMPILER_APPICON_NAME = AppIcon;
				ASSETCATALOG_COMPILER_GLOBAL_ACCENT_COLOR_NAME = AccentColor;
				CODE_SIGN_STYLE = Automatic;
				CURRENT_PROJECT_VERSION = 1;
				GENERATE_INFOPLIST_FILE = YES;
				INFOPLIST_FILE = "ios-task-app/Info.plist";
				INFOPLIST_KEY_UIApplicationSupportsIndirectInputEvents = YES;
				INFOPLIST_KEY_UILaunchStoryboardName = LaunchScreen;
				INFOPLIST_KEY_UIMainStoryboardFile = Main;
				INFOPLIST_KEY_UISupportedInterfaceOrientations_iPad = "UIInterfaceOrientationPortrait UIInterfaceOrientationPortraitUpsideDown UIInterfaceOrientationLandscapeLeft UIInterfaceOrientationLandscapeRight";
				INFOPLIST_KEY_UISupportedInterfaceOrientations_iPhone = "UIInterfaceOrientationPortrait UIInterfaceOrientationLandscapeLeft UIInterfaceOrientationLandscapeRight";
				IPHONEOS_DEPLOYMENT_TARGET = 14.7;
				LD_RUNPATH_SEARCH_PATHS = (
					"$(inherited)",
					"@executable_path/Frameworks",
				);
				MARKETING_VERSION = 1.0;
				PRODUCT_BUNDLE_IDENTIFIER = "sondh0127.ios-task-app";
				PRODUCT_NAME = "$(TARGET_NAME)";
				SWIFT_EMIT_LOC_STRINGS = YES;
				SWIFT_VERSION = 5.0;
				TARGETED_DEVICE_FAMILY = "1,2";
			};
			name = Release;
		};
/* End XCBuildConfiguration section */

/* Begin XCConfigurationList section */
		184947CF2707EF3A000C1E87 /* Build configuration list for PBXProject "ios-task-app" */ = {
			isa = XCConfigurationList;
			buildConfigurations = (
				184947E62707EF3B000C1E87 /* Debug */,
				184947E72707EF3B000C1E87 /* Release */,
			);
			defaultConfigurationIsVisible = 0;
			defaultConfigurationName = Release;
		};
		184947E82707EF3B000C1E87 /* Build configuration list for PBXNativeTarget "ios-task-app" */ = {
			isa = XCConfigurationList;
			buildConfigurations = (
				184947E92707EF3B000C1E87 /* Debug */,
				184947EA2707EF3B000C1E87 /* Release */,
			);
			defaultConfigurationIsVisible = 0;
			defaultConfigurationName = Release;
		};
/* End XCConfigurationList section */
	};
	rootObject = 184947CC2707EF3A000C1E87 /* Project object */;
}
